%{"benchfella": {:hex, :benchfella, "0.3.4", "41d2c017b361ece5225b5ba2e3b30ae53578c57c6ebc434417b4f1c2c94cf4f3", [:mix], []},
  "bunt": {:hex, :bunt, "0.2.0", "951c6e801e8b1d2cbe58ebbd3e616a869061ddadcc4863d0a2182541acae9a38", [:mix], []},
  "credo": {:hex, :credo, "0.7.3", "9827ab04002186af1aec014a811839a06f72aaae6cd5eed3919b248c8767dbf3", [:mix], [{:bunt, "~> 0.2.0", [hex: :bunt, optional: false]}]},
  "cutkey": {:git, "https://github.com/imtal/cutkey.git", "67375ea3d2ee3c729bc9a93baca447203930fd12", []},
  "earmark": {:hex, :earmark, "0.2.1", "ba6d26ceb16106d069b289df66751734802777a3cbb6787026dd800ffeb850f3", [:mix], []},
  "estree": {:hex, :estree, "2.5.1", "c93a8fa8a29886e6a6f6c489ba6dc949b998d2985b189967e41e69a92b58e846", [:mix], []},
  "ex_doc": {:hex, :ex_doc, "0.12.0", "b774aabfede4af31c0301aece12371cbd25995a21bb3d71d66f5c2fe074c603f", [:mix], [{:earmark, "~> 0.2", [hex: :earmark, optional: false]}]},
  "json_minecraft_data": {:git, "https://github.com/PrismarineJS/minecraft-data.git", "a13abc7f468698e5e37592dca6faefdcd6527cb4", [ref: "a13abc7f468698e5e37592dca6faefdcd6527cb4"]},
  "mc_data": {:hex, :mc_data, "0.0.5", "e6fbec66e8aafb065e1840cf9c0e953fa9f56605d1f756fe11f8daa58f38351a", [:mix], [{:poison, "~> 2.0", [hex: :poison, optional: false]}]},
  "minecraft_data": {:git, "https://github.com/PrismarineJS/minecraft-data.git", "a13abc7f468698e5e37592dca6faefdcd6527cb4", []},
  "poison": {:hex, :poison, "2.2.0", "4763b69a8a77bd77d26f477d196428b741261a761257ff1cf92753a0d4d24a63", [:mix], []},
  "proto_def": {:hex, :proto_def, "0.0.4", "5a56ca4ce54def73f8afe76523db678117f46d1bffa748a576606a18d24a0690", [:mix], [{:estree, "~> 2.3", [hex: :estree, optional: false]}, {:poison, "~> 2.0", [hex: :poison, optional: false]}]},
  "uuid": {:hex, :uuid, "1.1.7", "007afd58273bc0bc7f849c3bdc763e2f8124e83b957e515368c498b641f7ab69", [:mix], []}}
